
Microsoft Visual Studio Solution File, Format Version 12.00
# Visual Studio Version 17
VisualStudioVersion = 17.10.35013.160
MinimumVisualStudioVersion = 10.0.40219.1
Project("{FAE04EC0-301F-11D3-BF4B-00C04F79EFBC}") = "C#lesson", "C#lesson\C#lesson.csproj", "{11EB8CB5-7909-4767-ADD7-25FC5AED4453}"
EndProject
Global
	GlobalSection(SolutionConfigurationPlatforms) = preSolution
		Debug|Any CPU = Debug|Any CPU
		Release|Any CPU = Release|Any CPU
	EndGlobalSection
	GlobalSection(ProjectConfigurationPlatforms) = postSolution
		{11EB8CB5-7909-4767-ADD7-25FC5AED4453}.Debug|Any CPU.ActiveCfg = Debug|Any CPU
		{11EB8CB5-7909-4767-ADD7-25FC5AED4453}.Debug|Any CPU.Build.0 = Debug|Any CPU
		{11EB8CB5-7909-4767-ADD7-25FC5AED4453}.Release|Any CPU.ActiveCfg = Release|Any CPU
		{11EB8CB5-7909-4767-ADD7-25FC5AED4453}.Release|Any CPU.Build.0 = Release|Any CPU
	EndGlobalSection
	GlobalSection(SolutionProperties) = preSolution
		HideSolutionNode = FALSE
	EndGlobalSection
	GlobalSection(ExtensibilityGlobals) = postSolution
		SolutionGuid = {C6849361-7263-4A24-A0D9-91E4883E52AA}
	EndGlobalSection
EndGlobal
